PODS:
  - APLog (3.0.2.201208163740)
  - APMLogging (1.0.0.200716133857):
    - APLog
    - APMUtils
    - APRemoteLogging
  - APMobileFramework (1.0.0.210208171147):
    - APLog
    - APRemoteLogging
    - mPaas
  - APMobileNetwork (1.0.0.210120113855):
    - APOpenSSL
    - mPaas
  - APMUtils (1.0.0.201103180649)
  - APOpenSSL (1.0.0.200228175209)
  - APProtocolBuffers (1.0.1.200228175209)
  - APRemoteLogging (1.0.0.210401130436):
    - APProtocolBuffers
    - mPaas
  - ARTVC (1.0.0.210408144131):
    - APMLogging
    - APMUtils
    - mPaas
    - SocketRocket
  - mPaas (1.0.0.210301142936):
    - APLog
  - MPARTVCUpload (1.0.0.210407101246)
  - SecurityGuardSDK (2.2.3.190326110928)
  - SocketRocket (1.0.0.200811152708)
  - UTDID (1.0.2.190226130141)

DEPENDENCIES:
  - APLog (= 3.0.2.201208163740)
  - APMLogging (= 1.0.0.200716133857)
  - APMobileFramework (= 1.0.0.210208171147)
  - APMobileNetwork (= 1.0.0.210120113855)
  - APMUtils (= 1.0.0.201103180649)
  - APOpenSSL (= 1.0.0.200228175209)
  - APProtocolBuffers (= 1.0.1.200228175209)
  - APRemoteLogging (= 1.0.0.210401130436)
  - ARTVC (= 1.0.0.210408144131)
  - mPaas (= 1.0.0.210301142936)
  - MPARTVCUpload (= 1.0.0.210407101246)
  - SecurityGuardSDK (= 2.2.3.190326110928)
  - SocketRocket (= 1.0.0.200811152708)
  - UTDID (= 1.0.2.190226130141)

SPEC REPOS:
  https://code.aliyun.com/mpaas-public/podspecs.git:
    - APLog
    - APMLogging
    - APMobileFramework
    - APMobileNetwork
    - APMUtils
    - APOpenSSL
    - APProtocolBuffers
    - APRemoteLogging
    - ARTVC
    - mPaas
    - MPARTVCUpload
    - SecurityGuardSDK
    - SocketRocket
    - UTDID

SPEC CHECKSUMS:
  APLog: cf88e6fadb42ad7e9651a401a047582837bef879
  APMLogging: 96fbc4d77e26d279d2e888665e4154697ec83495
  APMobileFramework: 4c378aca2ad3c68fe73f1613c954e98e2342fea6
  APMobileNetwork: 76bc81ba1e76ea2f6ab4b143cb0bb903a8668941
  APMUtils: 1ba8c6f9edf8abfa1b011164f9d300bbb8557ed1
  APOpenSSL: 7d57eb90bf69fc8ec68b02e20083e0567e3d9ae6
  APProtocolBuffers: 0d1f69755d848b3be45e8af56a27017aa27853a2
  APRemoteLogging: 761c078cf6c8977fd04b74d3fd65ce2df94c3233
  ARTVC: a655ad975f53e11b26d28234beb1e8c37a55db32
  mPaas: 96c9b228524ba277eea0f02a031cec8658437124
  MPARTVCUpload: c905e60dc48cedac023f16925185e4a473a792a9
  SecurityGuardSDK: 8e41a1e06e55e4a8092f4dd792329a71c25bee00
  SocketRocket: 54c387abefa3f3a089bf42c5d50a8f7fd626b47a
  UTDID: 2c9434763223c4c7eed0ba36d8af4fe3a664eda7

PODFILE CHECKSUM: d6ab96a50fbc5e3613411e756e75d6b949ac1c70

COCOAPODS: 1.10.1
